// !$*UTF8*$!
{
	archiveVersion = 1;
	classes = {
	};
	objectVersion = 77;
	objects = {

/* Begin PBXBuildFile section */
		0107A6FBDC18E5119DBD54C9 /* MenuBarItemTests.swift in Sources */ = {isa = PBXBuildFile; fileRef = 322BAEA774733E3521ED1AE5 /* MenuBarItemTests.swift */; };
		0268008728B47D847A5AEDF4 /* PreferencesStore.swift in Sources */ = {isa = PBXBuildFile; fileRef = B77D48F6F5ABD841A031AA72 /* PreferencesStore.swift */; };
		0A22491602287E12CAA28238 /* AXExtensions.swift in Sources */ = {isa = PBXBuildFile; fileRef = 99A9953B494B3F953A3E536C /* AXExtensions.swift */; };
		17C40BA375DF31E79AEFEAAE /* MenuBarDetector.swift in Sources */ = {isa = PBXBuildFile; fileRef = 172AE3C558B39BE21EF7650D /* MenuBarDetector.swift */; };
		2DB15CD6F8FB0CB38203019B /* MenuBarController.swift in Sources */ = {isa = PBXBuildFile; fileRef = AB2FA1C50ADD107A72208D55 /* MenuBarController.swift */; };
		3EE92BAA0B92E4EFCCB2CBFA /* BarmanApp.swift in Sources */ = {isa = PBXBuildFile; fileRef = EC173877A0A48FE168EC1DA3 /* BarmanApp.swift */; };
		4030BDE6E3019E291C89F2AE /* OnboardingView.swift in Sources */ = {isa = PBXBuildFile; fileRef = EA7D15E19B17E62E9F44F34A /* OnboardingView.swift */; };
		5F0497E709E0C823E05DD2CF /* AccessibilityService.swift in Sources */ = {isa = PBXBuildFile; fileRef = 4BEC3C1DE69425F0538360B2 /* AccessibilityService.swift */; };
		9626E1024273BE7E86F9BD7C /* UserPreferences.swift in Sources */ = {isa = PBXBuildFile; fileRef = 03221D44E7D4E26252456336 /* UserPreferences.swift */; };
		AD796CCACD8C7B941D2A2FBD /* BarmanMenuView.swift in Sources */ = {isa = PBXBuildFile; fileRef = A0E134B2A1062F30373F8609 /* BarmanMenuView.swift */; };
		BFF2FE7AE692F4590AA97B9D /* SettingsView.swift in Sources */ = {isa = PBXBuildFile; fileRef = 1DDE7FBB4A743F03D0C5D1F9 /* SettingsView.swift */; };
		C2DA8C18C70941D0F3DB7EB2 /* UserPreferencesTests.swift in Sources */ = {isa = PBXBuildFile; fileRef = 124A4B37DC83ADD254A193A3 /* UserPreferencesTests.swift */; };
		C4671B12241E98BFBD9BE470 /* SectionDivider.swift in Sources */ = {isa = PBXBuildFile; fileRef = FB571895EDA79C546A28DF12 /* SectionDivider.swift */; };
		E66419DDB6F102DD7CC8A288 /* MenuBarItemRow.swift in Sources */ = {isa = PBXBuildFile; fileRef = E5D504D72926D7DE382935B5 /* MenuBarItemRow.swift */; };
		F004BE3F9D647E37FCF4F143 /* MenuBarItem.swift in Sources */ = {isa = PBXBuildFile; fileRef = 8DADBD722F48B584BB2F7F26 /* MenuBarItem.swift */; };
		F5D768D192CE389C0E125BBE /* OverlayWindow.swift in Sources */ = {isa = PBXBuildFile; fileRef = 466F11CD28F769ED0A545072 /* OverlayWindow.swift */; };
/* End PBXBuildFile section */

/* Begin PBXContainerItemProxy section */
		85F098C6A4EA375FE0A155CE /* PBXContainerItemProxy */ = {
			isa = PBXContainerItemProxy;
			containerPortal = 9E77D35A221631A8FEC00A7C /* Project object */;
			proxyType = 1;
			remoteGlobalIDString = C1500C425B1A2BD47AEFF222;
			remoteInfo = Barman;
		};
/* End PBXContainerItemProxy section */

/* Begin PBXFileReference section */
		03221D44E7D4E26252456336 /* UserPreferences.swift */ = {isa = PBXFileReference; lastKnownFileType = sourcecode.swift; path = UserPreferences.swift; sourceTree = "<group>"; };
		124A4B37DC83ADD254A193A3 /* UserPreferencesTests.swift */ = {isa = PBXFileReference; lastKnownFileType = sourcecode.swift; path = UserPreferencesTests.swift; sourceTree = "<group>"; };
		172AE3C558B39BE21EF7650D /* MenuBarDetector.swift */ = {isa = PBXFileReference; lastKnownFileType = sourcecode.swift; path = MenuBarDetector.swift; sourceTree = "<group>"; };
		1DDE7FBB4A743F03D0C5D1F9 /* SettingsView.swift */ = {isa = PBXFileReference; lastKnownFileType = sourcecode.swift; path = SettingsView.swift; sourceTree = "<group>"; };
		322BAEA774733E3521ED1AE5 /* MenuBarItemTests.swift */ = {isa = PBXFileReference; lastKnownFileType = sourcecode.swift; path = MenuBarItemTests.swift; sourceTree = "<group>"; };
		466F11CD28F769ED0A545072 /* OverlayWindow.swift */ = {isa = PBXFileReference; lastKnownFileType = sourcecode.swift; path = OverlayWindow.swift; sourceTree = "<group>"; };
		4BEC3C1DE69425F0538360B2 /* AccessibilityService.swift */ = {isa = PBXFileReference; lastKnownFileType = sourcecode.swift; path = AccessibilityService.swift; sourceTree = "<group>"; };
		8DADBD722F48B584BB2F7F26 /* MenuBarItem.swift */ = {isa = PBXFileReference; lastKnownFileType = sourcecode.swift; path = MenuBarItem.swift; sourceTree = "<group>"; };
		99A9953B494B3F953A3E536C /* AXExtensions.swift */ = {isa = PBXFileReference; lastKnownFileType = sourcecode.swift; path = AXExtensions.swift; sourceTree = "<group>"; };
		A0E134B2A1062F30373F8609 /* BarmanMenuView.swift */ = {isa = PBXFileReference; lastKnownFileType = sourcecode.swift; path = BarmanMenuView.swift; sourceTree = "<group>"; };
		AB2FA1C50ADD107A72208D55 /* MenuBarController.swift */ = {isa = PBXFileReference; lastKnownFileType = sourcecode.swift; path = MenuBarController.swift; sourceTree = "<group>"; };
		B40AD688FBEBABB7657E661D /* BarmanTests.xctest */ = {isa = PBXFileReference; explicitFileType = wrapper.cfbundle; includeInIndex = 0; path = BarmanTests.xctest; sourceTree = BUILT_PRODUCTS_DIR; };
		B77D48F6F5ABD841A031AA72 /* PreferencesStore.swift */ = {isa = PBXFileReference; lastKnownFileType = sourcecode.swift; path = PreferencesStore.swift; sourceTree = "<group>"; };
		CD9213820AF5A90BE1162062 /* Barman.app */ = {isa = PBXFileReference; explicitFileType = wrapper.application; includeInIndex = 0; path = Barman.app; sourceTree = BUILT_PRODUCTS_DIR; };
		E5D504D72926D7DE382935B5 /* MenuBarItemRow.swift */ = {isa = PBXFileReference; lastKnownFileType = sourcecode.swift; path = MenuBarItemRow.swift; sourceTree = "<group>"; };
		EA7D15E19B17E62E9F44F34A /* OnboardingView.swift */ = {isa = PBXFileReference; lastKnownFileType = sourcecode.swift; path = OnboardingView.swift; sourceTree = "<group>"; };
		EC173877A0A48FE168EC1DA3 /* BarmanApp.swift */ = {isa = PBXFileReference; lastKnownFileType = sourcecode.swift; path = BarmanApp.swift; sourceTree = "<group>"; };
		FB571895EDA79C546A28DF12 /* SectionDivider.swift */ = {isa = PBXFileReference; lastKnownFileType = sourcecode.swift; path = SectionDivider.swift; sourceTree = "<group>"; };
/* End PBXFileReference section */

/* Begin PBXGroup section */
		1952E26D972058EA8C477272 = {
			isa = PBXGroup;
			children = (
				4A672C3CAE8AA3FA095D7BE3 /* Barman */,
				C6576B2A6AF79DFBDACA21F2 /* BarmanTests */,
				69978CA05F87394C987888CF /* Products */,
			);
			sourceTree = "<group>";
		};
		4A672C3CAE8AA3FA095D7BE3 /* Barman */ = {
			isa = PBXGroup;
			children = (
				EC173877A0A48FE168EC1DA3 /* BarmanApp.swift */,
				F6FC12D209D20C3B337A315E /* Models */,
				753FE57FDE255114632E7045 /* Services */,
				C917D33B9A7CB51DC6295D0B /* Utilities */,
				D63A4FBF70935353105C48E9 /* Views */,
			);
			name = Barman;
			path = Sources/Barman;
			sourceTree = "<group>";
		};
		69978CA05F87394C987888CF /* Products */ = {
			isa = PBXGroup;
			children = (
				CD9213820AF5A90BE1162062 /* Barman.app */,
				B40AD688FBEBABB7657E661D /* BarmanTests.xctest */,
			);
			name = Products;
			sourceTree = "<group>";
		};
		753FE57FDE255114632E7045 /* Services */ = {
			isa = PBXGroup;
			children = (
				4BEC3C1DE69425F0538360B2 /* AccessibilityService.swift */,
				AB2FA1C50ADD107A72208D55 /* MenuBarController.swift */,
				172AE3C558B39BE21EF7650D /* MenuBarDetector.swift */,
				B77D48F6F5ABD841A031AA72 /* PreferencesStore.swift */,
				FB571895EDA79C546A28DF12 /* SectionDivider.swift */,
			);
			path = Services;
			sourceTree = "<group>";
		};
		C6576B2A6AF79DFBDACA21F2 /* BarmanTests */ = {
			isa = PBXGroup;
			children = (
				322BAEA774733E3521ED1AE5 /* MenuBarItemTests.swift */,
				124A4B37DC83ADD254A193A3 /* UserPreferencesTests.swift */,
			);
			name = BarmanTests;
			path = Tests/BarmanTests;
			sourceTree = "<group>";
		};
		C917D33B9A7CB51DC6295D0B /* Utilities */ = {
			isa = PBXGroup;
			children = (
				99A9953B494B3F953A3E536C /* AXExtensions.swift */,
				466F11CD28F769ED0A545072 /* OverlayWindow.swift */,
			);
			path = Utilities;
			sourceTree = "<group>";
		};
		D63A4FBF70935353105C48E9 /* Views */ = {
			isa = PBXGroup;
			children = (
				A0E134B2A1062F30373F8609 /* BarmanMenuView.swift */,
				E5D504D72926D7DE382935B5 /* MenuBarItemRow.swift */,
				EA7D15E19B17E62E9F44F34A /* OnboardingView.swift */,
				1DDE7FBB4A743F03D0C5D1F9 /* SettingsView.swift */,
			);
			path = Views;
			sourceTree = "<group>";
		};
		F6FC12D209D20C3B337A315E /* Models */ = {
			isa = PBXGroup;
			children = (
				8DADBD722F48B584BB2F7F26 /* MenuBarItem.swift */,
				03221D44E7D4E26252456336 /* UserPreferences.swift */,
			);
			path = Models;
			sourceTree = "<group>";
		};
/* End PBXGroup section */

/* Begin PBXNativeTarget section */
		81496FBE58B7BBB8D7909B1F /* BarmanTests */ = {
			isa = PBXNativeTarget;
			buildConfigurationList = 4D10959C225107AF1171B68A /* Build configuration list for PBXNativeTarget "BarmanTests" */;
			buildPhases = (
				1CCFA5FA05E0E772BB516B84 /* Sources */,
			);
			buildRules = (
			);
			dependencies = (
				AE2BBE2F6BC4CAEA90DDB186 /* PBXTargetDependency */,
			);
			name = BarmanTests;
			packageProductDependencies = (
			);
			productName = BarmanTests;
			productReference = B40AD688FBEBABB7657E661D /* BarmanTests.xctest */;
			productType = "com.apple.product-type.bundle.unit-test";
		};
		C1500C425B1A2BD47AEFF222 /* Barman */ = {
			isa = PBXNativeTarget;
			buildConfigurationList = 5C9AC3E3789989F7CC941CCF /* Build configuration list for PBXNativeTarget "Barman" */;
			buildPhases = (
				71265E2856419C73A5532C96 /* Sources */,
			);
			buildRules = (
			);
			dependencies = (
			);
			name = Barman;
			packageProductDependencies = (
			);
			productName = Barman;
			productReference = CD9213820AF5A90BE1162062 /* Barman.app */;
			productType = "com.apple.product-type.application";
		};
/* End PBXNativeTarget section */

/* Begin PBXProject section */
		9E77D35A221631A8FEC00A7C /* Project object */ = {
			isa = PBXProject;
			attributes = {
				BuildIndependentTargetsInParallel = YES;
				LastUpgradeCheck = 1600;
				TargetAttributes = {
				};
			};
			buildConfigurationList = A8AC309556C7322CDACCB669 /* Build configuration list for PBXProject "Barman" */;
			developmentRegion = en;
			hasScannedForEncodings = 0;
			knownRegions = (
				Base,
				en,
			);
			mainGroup = 1952E26D972058EA8C477272;
			minimizedProjectReferenceProxies = 1;
			preferredProjectObjectVersion = 77;
			productRefGroup = 69978CA05F87394C987888CF /* Products */;
			projectDirPath = "";
			projectRoot = "";
			targets = (
				C1500C425B1A2BD47AEFF222 /* Barman */,
				81496FBE58B7BBB8D7909B1F /* BarmanTests */,
			);
		};
/* End PBXProject section */

/* Begin PBXSourcesBuildPhase section */
		1CCFA5FA05E0E772BB516B84 /* Sources */ = {
			isa = PBXSourcesBuildPhase;
			buildActionMask = 2147483647;
			files = (
				0107A6FBDC18E5119DBD54C9 /* MenuBarItemTests.swift in Sources */,
				C2DA8C18C70941D0F3DB7EB2 /* UserPreferencesTests.swift in Sources */,
			);
			runOnlyForDeploymentPostprocessing = 0;
		};
		71265E2856419C73A5532C96 /* Sources */ = {
			isa = PBXSourcesBuildPhase;
			buildActionMask = 2147483647;
			files = (
				0A22491602287E12CAA28238 /* AXExtensions.swift in Sources */,
				5F0497E709E0C823E05DD2CF /* AccessibilityService.swift in Sources */,
				3EE92BAA0B92E4EFCCB2CBFA /* BarmanApp.swift in Sources */,
				AD796CCACD8C7B941D2A2FBD /* BarmanMenuView.swift in Sources */,
				2DB15CD6F8FB0CB38203019B /* MenuBarController.swift in Sources */,
				17C40BA375DF31E79AEFEAAE /* MenuBarDetector.swift in Sources */,
				F004BE3F9D647E37FCF4F143 /* MenuBarItem.swift in Sources */,
				E66419DDB6F102DD7CC8A288 /* MenuBarItemRow.swift in Sources */,
				4030BDE6E3019E291C89F2AE /* OnboardingView.swift in Sources */,
				F5D768D192CE389C0E125BBE /* OverlayWindow.swift in Sources */,
				0268008728B47D847A5AEDF4 /* PreferencesStore.swift in Sources */,
				C4671B12241E98BFBD9BE470 /* SectionDivider.swift in Sources */,
				BFF2FE7AE692F4590AA97B9D /* SettingsView.swift in Sources */,
				9626E1024273BE7E86F9BD7C /* UserPreferences.swift in Sources */,
			);
			runOnlyForDeploymentPostprocessing = 0;
		};
/* End PBXSourcesBuildPhase section */

/* Begin PBXTargetDependency section */
		AE2BBE2F6BC4CAEA90DDB186 /* PBXTargetDependency */ = {
			isa = PBXTargetDependency;
			target = C1500C425B1A2BD47AEFF222 /* Barman */;
			targetProxy = 85F098C6A4EA375FE0A155CE /* PBXContainerItemProxy */;
		};
/* End PBXTargetDependency section */

/* Begin XCBuildConfiguration section */
		0EA5390D31D08A580CB1824A /* Debug */ = {
			isa = XCBuildConfiguration;
			buildSettings = {
				BUNDLE_LOADER = "$(TEST_HOST)";
				COMBINE_HIDPI_IMAGES = YES;
				GENERATE_INFOPLIST_FILE = YES;
				LD_RUNPATH_SEARCH_PATHS = (
					"$(inherited)",
					"@executable_path/../Frameworks",
					"@loader_path/../Frameworks",
				);
				PRODUCT_BUNDLE_IDENTIFIER = com.mcclowes.barman.tests;
				SDKROOT = macosx;
				TEST_HOST = "$(BUILT_PRODUCTS_DIR)/Barman.app/Contents/MacOS/Barman";
			};
			name = Debug;
		};
		712B4CB8A9023C1F6D14F8E2 /* Release */ = {
			isa = XCBuildConfiguration;
			buildSettings = {
				BUNDLE_LOADER = "$(TEST_HOST)";
				COMBINE_HIDPI_IMAGES = YES;
				GENERATE_INFOPLIST_FILE = YES;
				LD_RUNPATH_SEARCH_PATHS = (
					"$(inherited)",
					"@executable_path/../Frameworks",
					"@loader_path/../Frameworks",
				);
				PRODUCT_BUNDLE_IDENTIFIER = com.mcclowes.barman.tests;
				SDKROOT = macosx;
				TEST_HOST = "$(BUILT_PRODUCTS_DIR)/Barman.app/Contents/MacOS/Barman";
			};
			name = Release;
		};
		915FBD20E27EFE89BDD9F821 /* Release */ = {
			isa = XCBuildConfiguration;
			buildSettings = {
				ALWAYS_SEARCH_USER_PATHS = NO;
				CLANG_ANALYZER_NONNULL = YES;
				CLANG_ANALYZER_NUMBER_OBJECT_CONVERSION = YES_AGGRESSIVE;
				CLANG_CXX_LANGUAGE_STANDARD = "gnu++14";
				CLANG_CXX_LIBRARY = "libc++";
				CLANG_ENABLE_MODULES = YES;
				CLANG_ENABLE_OBJC_ARC = YES;
				CLANG_ENABLE_OBJC_WEAK = YES;
				CLANG_WARN_BLOCK_CAPTURE_AUTORELEASING = YES;
				CLANG_WARN_BOOL_CONVERSION = YES;
				CLANG_WARN_COMMA = YES;
				CLANG_WARN_CONSTANT_CONVERSION = YES;
				CLANG_WARN_DEPRECATED_OBJC_IMPLEMENTATIONS = YES;
				CLANG_WARN_DIRECT_OBJC_ISA_USAGE = YES_ERROR;
				CLANG_WARN_DOCUMENTATION_COMMENTS = YES;
				CLANG_WARN_EMPTY_BODY = YES;
				CLANG_WARN_ENUM_CONVERSION = YES;
				CLANG_WARN_INFINITE_RECURSION = YES;
				CLANG_WARN_INT_CONVERSION = YES;
				CLANG_WARN_NON_LITERAL_NULL_CONVERSION = YES;
				CLANG_WARN_OBJC_IMPLICIT_RETAIN_SELF = YES;
				CLANG_WARN_OBJC_LITERAL_CONVERSION = YES;
				CLANG_WARN_OBJC_ROOT_CLASS = YES_ERROR;
				CLANG_WARN_QUOTED_INCLUDE_IN_FRAMEWORK_HEADER = YES;
				CLANG_WARN_RANGE_LOOP_ANALYSIS = YES;
				CLANG_WARN_STRICT_PROTOTYPES = YES;
				CLANG_WARN_SUSPICIOUS_MOVE = YES;
				CLANG_WARN_UNGUARDED_AVAILABILITY = YES_AGGRESSIVE;
				CLANG_WARN_UNREACHABLE_CODE = YES;
				CLANG_WARN__DUPLICATE_METHOD_MATCH = YES;
				COPY_PHASE_STRIP = NO;
				DEBUG_INFORMATION_FORMAT = "dwarf-with-dsym";
				ENABLE_NS_ASSERTIONS = NO;
				ENABLE_STRICT_OBJC_MSGSEND = YES;
				GCC_C_LANGUAGE_STANDARD = gnu11;
				GCC_NO_COMMON_BLOCKS = YES;
				GCC_WARN_64_TO_32_BIT_CONVERSION = YES;
				GCC_WARN_ABOUT_RETURN_TYPE = YES_ERROR;
				GCC_WARN_UNDECLARED_SELECTOR = YES;
				GCC_WARN_UNINITIALIZED_AUTOS = YES_AGGRESSIVE;
				GCC_WARN_UNUSED_FUNCTION = YES;
				GCC_WARN_UNUSED_VARIABLE = YES;
				MACOSX_DEPLOYMENT_TARGET = 14.0;
				MTL_ENABLE_DEBUG_INFO = NO;
				MTL_FAST_MATH = YES;
				PRODUCT_NAME = "$(TARGET_NAME)";
				SDKROOT = macosx;
				SWIFT_COMPILATION_MODE = wholemodule;
				SWIFT_OPTIMIZATION_LEVEL = "-O";
				SWIFT_STRICT_CONCURRENCY = complete;
				SWIFT_VERSION = 6.0;
			};
			name = Release;
		};
		BDEFECE6EFB87D6A9A106F51 /* Debug */ = {
			isa = XCBuildConfiguration;
			buildSettings = {
				ALWAYS_SEARCH_USER_PATHS = NO;
				CLANG_ANALYZER_NONNULL = YES;
				CLANG_ANALYZER_NUMBER_OBJECT_CONVERSION = YES_AGGRESSIVE;
				CLANG_CXX_LANGUAGE_STANDARD = "gnu++14";
				CLANG_CXX_LIBRARY = "libc++";
				CLANG_ENABLE_MODULES = YES;
				CLANG_ENABLE_OBJC_ARC = YES;
				CLANG_ENABLE_OBJC_WEAK = YES;
				CLANG_WARN_BLOCK_CAPTURE_AUTORELEASING = YES;
				CLANG_WARN_BOOL_CONVERSION = YES;
				CLANG_WARN_COMMA = YES;
				CLANG_WARN_CONSTANT_CONVERSION = YES;
				CLANG_WARN_DEPRECATED_OBJC_IMPLEMENTATIONS = YES;
				CLANG_WARN_DIRECT_OBJC_ISA_USAGE = YES_ERROR;
				CLANG_WARN_DOCUMENTATION_COMMENTS = YES;
				CLANG_WARN_EMPTY_BODY = YES;
				CLANG_WARN_ENUM_CONVERSION = YES;
				CLANG_WARN_INFINITE_RECURSION = YES;
				CLANG_WARN_INT_CONVERSION = YES;
				CLANG_WARN_NON_LITERAL_NULL_CONVERSION = YES;
				CLANG_WARN_OBJC_IMPLICIT_RETAIN_SELF = YES;
				CLANG_WARN_OBJC_LITERAL_CONVERSION = YES;
				CLANG_WARN_OBJC_ROOT_CLASS = YES_ERROR;
				CLANG_WARN_QUOTED_INCLUDE_IN_FRAMEWORK_HEADER = YES;
				CLANG_WARN_RANGE_LOOP_ANALYSIS = YES;
				CLANG_WARN_STRICT_PROTOTYPES = YES;
				CLANG_WARN_SUSPICIOUS_MOVE = YES;
				CLANG_WARN_UNGUARDED_AVAILABILITY = YES_AGGRESSIVE;
				CLANG_WARN_UNREACHABLE_CODE = YES;
				CLANG_WARN__DUPLICATE_METHOD_MATCH = YES;
				COPY_PHASE_STRIP = NO;
				DEBUG_INFORMATION_FORMAT = dwarf;
				ENABLE_STRICT_OBJC_MSGSEND = YES;
				ENABLE_TESTABILITY = YES;
				GCC_C_LANGUAGE_STANDARD = gnu11;
				GCC_DYNAMIC_NO_PIC = NO;
				GCC_NO_COMMON_BLOCKS = YES;
				GCC_OPTIMIZATION_LEVEL = 0;
				GCC_PREPROCESSOR_DEFINITIONS = (
					"$(inherited)",
					"DEBUG=1",
				);
				GCC_WARN_64_TO_32_BIT_CONVERSION = YES;
				GCC_WARN_ABOUT_RETURN_TYPE = YES_ERROR;
				GCC_WARN_UNDECLARED_SELECTOR = YES;
				GCC_WARN_UNINITIALIZED_AUTOS = YES_AGGRESSIVE;
				GCC_WARN_UNUSED_FUNCTION = YES;
				GCC_WARN_UNUSED_VARIABLE = YES;
				MACOSX_DEPLOYMENT_TARGET = 14.0;
				MTL_ENABLE_DEBUG_INFO = INCLUDE_SOURCE;
				MTL_FAST_MATH = YES;
				ONLY_ACTIVE_ARCH = YES;
				PRODUCT_NAME = "$(TARGET_NAME)";
				SDKROOT = macosx;
				SWIFT_ACTIVE_COMPILATION_CONDITIONS = DEBUG;
				SWIFT_OPTIMIZATION_LEVEL = "-Onone";
				SWIFT_STRICT_CONCURRENCY = complete;
				SWIFT_VERSION = 6.0;
			};
			name = Debug;
		};
		C1F0095FECC7F4BDF9EEB310 /* Release */ = {
			isa = XCBuildConfiguration;
			buildSettings = {
				ASSETCATALOG_COMPILER_APPICON_NAME = AppIcon;
				CODE_SIGN_ENTITLEMENTS = Resources/Barman.entitlements;
				COMBINE_HIDPI_IMAGES = YES;
				CURRENT_PROJECT_VERSION = 1;
				GENERATE_INFOPLIST_FILE = NO;
				INFOPLIST_FILE = Resources/Info.plist;
				LD_RUNPATH_SEARCH_PATHS = (
					"$(inherited)",
					"@executable_path/../Frameworks",
				);
				MARKETING_VERSION = 1.0.0;
				PRODUCT_BUNDLE_IDENTIFIER = com.mcclowes.barman;
				SDKROOT = macosx;
			};
			name = Release;
		};
		EBDB09292199DF7E9CB0E43B /* Debug */ = {
			isa = XCBuildConfiguration;
			buildSettings = {
				ASSETCATALOG_COMPILER_APPICON_NAME = AppIcon;
				CODE_SIGN_ENTITLEMENTS = Resources/Barman.entitlements;
				COMBINE_HIDPI_IMAGES = YES;
				CURRENT_PROJECT_VERSION = 1;
				GENERATE_INFOPLIST_FILE = NO;
				INFOPLIST_FILE = Resources/Info.plist;
				LD_RUNPATH_SEARCH_PATHS = (
					"$(inherited)",
					"@executable_path/../Frameworks",
				);
				MARKETING_VERSION = 1.0.0;
				PRODUCT_BUNDLE_IDENTIFIER = com.mcclowes.barman;
				SDKROOT = macosx;
			};
			name = Debug;
		};
/* End XCBuildConfiguration section */

/* Begin XCConfigurationList section */
		4D10959C225107AF1171B68A /* Build configuration list for PBXNativeTarget "BarmanTests" */ = {
			isa = XCConfigurationList;
			buildConfigurations = (
				0EA5390D31D08A580CB1824A /* Debug */,
				712B4CB8A9023C1F6D14F8E2 /* Release */,
			);
			defaultConfigurationIsVisible = 0;
			defaultConfigurationName = Debug;
		};
		5C9AC3E3789989F7CC941CCF /* Build configuration list for PBXNativeTarget "Barman" */ = {
			isa = XCConfigurationList;
			buildConfigurations = (
				EBDB09292199DF7E9CB0E43B /* Debug */,
				C1F0095FECC7F4BDF9EEB310 /* Release */,
			);
			defaultConfigurationIsVisible = 0;
			defaultConfigurationName = Debug;
		};
		A8AC309556C7322CDACCB669 /* Build configuration list for PBXProject "Barman" */ = {
			isa = XCConfigurationList;
			buildConfigurations = (
				BDEFECE6EFB87D6A9A106F51 /* Debug */,
				915FBD20E27EFE89BDD9F821 /* Release */,
			);
			defaultConfigurationIsVisible = 0;
			defaultConfigurationName = Debug;
		};
/* End XCConfigurationList section */
	};
	rootObject = 9E77D35A221631A8FEC00A7C /* Project object */;
}
